
Microsoft Visual Studio Solution File, Format Version 12.00
# Visual Studio 15
VisualStudioVersion = 15.0.28307.960
MinimumVisualStudioVersion = 10.0.40219.1
Project("{2150E333-8FDC-42A3-9474-1A3956D46DE8}") = "Microservices", "Microservices", "{92FF2102-B0C7-4D40-9A85-A7649C0EA750}"
EndProject
Project("{2150E333-8FDC-42A3-9474-1A3956D46DE8}") = "Domain", "Domain", "{CD44A02C-B954-4449-AA01-4E6390D7C114}"
EndProject
Project("{2150E333-8FDC-42A3-9474-1A3956D46DE8}") = "Infra.Bus", "Infra.Bus", "{65F0CB1B-68E2-4F37-8C2F-F4D8E7CF27DD}"
EndProject
Project("{2150E333-8FDC-42A3-9474-1A3956D46DE8}") = "Infra.IoC", "Infra.IoC", "{F5A77073-8863-442D-B221-0DC5700BFC52}"
EndProject
Project("{2150E333-8FDC-42A3-9474-1A3956D46DE8}") = "Presentation", "Presentation", "{7B9E38AB-2F50-478A-AE27-48A1321E93D7}"
EndProject
Project("{FAE04EC0-301F-11D3-BF4B-00C04F79EFBC}") = "MicroRabbit.Domain.Core", "MicroRabbit.Domain.Core\MicroRabbit.Domain.Core.csproj", "{25D51321-2570-4E11-BE67-D12C6167485A}"
EndProject
Project("{FAE04EC0-301F-11D3-BF4B-00C04F79EFBC}") = "MicroRabbit.Infra.Bus", "MicroRabbit.Infra.Bus\MicroRabbit.Infra.Bus.csproj", "{72AEAF08-4557-49C7-8261-E8ED50F7D6A0}"
EndProject
Project("{FAE04EC0-301F-11D3-BF4B-00C04F79EFBC}") = "MicroRabbit.Infra.IoC", "MicroRabbit.Infra.IoC\MicroRabbit.Infra.IoC.csproj", "{5A8EF2A4-A5E7-4524-B107-D908FEC3576E}"
EndProject
Project("{2150E333-8FDC-42A3-9474-1A3956D46DE8}") = "Banking", "Banking", "{90F9C9AA-167C-4E5A-B91C-667474FBE069}"
EndProject
Project("{2150E333-8FDC-42A3-9474-1A3956D46DE8}") = "Api", "Api", "{C95BC21C-1A50-4D62-B1F2-E412A5F14371}"
EndProject
Project("{2150E333-8FDC-42A3-9474-1A3956D46DE8}") = "Application", "Application", "{E72B100B-5683-42FB-A0CC-B61517F0FF90}"
EndProject
Project("{2150E333-8FDC-42A3-9474-1A3956D46DE8}") = "Data", "Data", "{9483150B-A5A4-4D4F-901C-CE8E287E3804}"
EndProject
Project("{2150E333-8FDC-42A3-9474-1A3956D46DE8}") = "Domain", "Domain", "{4E6A37A3-4067-406B-8808-E355B9EFF939}"
EndProject
Project("{FAE04EC0-301F-11D3-BF4B-00C04F79EFBC}") = "MicroRabbit.Banking.Api", "MicroRabbit.Banking.Api\MicroRabbit.Banking.Api.csproj", "{90EA7121-8B4B-488B-BAF7-76C2061FD5F7}"
EndProject
Project("{FAE04EC0-301F-11D3-BF4B-00C04F79EFBC}") = "MicroRabbit.Banking.Application", "MicroRabbit.Banking.Application\MicroRabbit.Banking.Application.csproj", "{38271996-F496-44DE-B977-08EF47120526}"
EndProject
Project("{FAE04EC0-301F-11D3-BF4B-00C04F79EFBC}") = "MicroRabbit.Banking.Data", "MicroRabbit.Banking.Data\MicroRabbit.Banking.Data.csproj", "{B314F64C-6537-4898-94CD-555342F59123}"
EndProject
Project("{FAE04EC0-301F-11D3-BF4B-00C04F79EFBC}") = "MicroRabbit.Banking.Domain", "MicroRabbit.Banking.Domain\MicroRabbit.Banking.Domain.csproj", "{61849C27-97D4-44B6-B535-801D30AE37FC}"
EndProject
Global
	GlobalSection(SolutionConfigurationPlatforms) = preSolution
		Debug|Any CPU = Debug|Any CPU
		Release|Any CPU = Release|Any CPU
	EndGlobalSection
	GlobalSection(ProjectConfigurationPlatforms) = postSolution
		{25D51321-2570-4E11-BE67-D12C6167485A}.Debug|Any CPU.ActiveCfg = Debug|Any CPU
		{25D51321-2570-4E11-BE67-D12C6167485A}.Debug|Any CPU.Build.0 = Debug|Any CPU
		{25D51321-2570-4E11-BE67-D12C6167485A}.Release|Any CPU.ActiveCfg = Release|Any CPU
		{25D51321-2570-4E11-BE67-D12C6167485A}.Release|Any CPU.Build.0 = Release|Any CPU
		{72AEAF08-4557-49C7-8261-E8ED50F7D6A0}.Debug|Any CPU.ActiveCfg = Debug|Any CPU
		{72AEAF08-4557-49C7-8261-E8ED50F7D6A0}.Debug|Any CPU.Build.0 = Debug|Any CPU
		{72AEAF08-4557-49C7-8261-E8ED50F7D6A0}.Release|Any CPU.ActiveCfg = Release|Any CPU
		{72AEAF08-4557-49C7-8261-E8ED50F7D6A0}.Release|Any CPU.Build.0 = Release|Any CPU
		{5A8EF2A4-A5E7-4524-B107-D908FEC3576E}.Debug|Any CPU.ActiveCfg = Debug|Any CPU
		{5A8EF2A4-A5E7-4524-B107-D908FEC3576E}.Debug|Any CPU.Build.0 = Debug|Any CPU
		{5A8EF2A4-A5E7-4524-B107-D908FEC3576E}.Release|Any CPU.ActiveCfg = Release|Any CPU
		{5A8EF2A4-A5E7-4524-B107-D908FEC3576E}.Release|Any CPU.Build.0 = Release|Any CPU
		{90EA7121-8B4B-488B-BAF7-76C2061FD5F7}.Debug|Any CPU.ActiveCfg = Debug|Any CPU
		{90EA7121-8B4B-488B-BAF7-76C2061FD5F7}.Debug|Any CPU.Build.0 = Debug|Any CPU
		{90EA7121-8B4B-488B-BAF7-76C2061FD5F7}.Release|Any CPU.ActiveCfg = Release|Any CPU
		{90EA7121-8B4B-488B-BAF7-76C2061FD5F7}.Release|Any CPU.Build.0 = Release|Any CPU
		{38271996-F496-44DE-B977-08EF47120526}.Debug|Any CPU.ActiveCfg = Debug|Any CPU
		{38271996-F496-44DE-B977-08EF47120526}.Debug|Any CPU.Build.0 = Debug|Any CPU
		{38271996-F496-44DE-B977-08EF47120526}.Release|Any CPU.ActiveCfg = Release|Any CPU
		{38271996-F496-44DE-B977-08EF47120526}.Release|Any CPU.Build.0 = Release|Any CPU
		{B314F64C-6537-4898-94CD-555342F59123}.Debug|Any CPU.ActiveCfg = Debug|Any CPU
		{B314F64C-6537-4898-94CD-555342F59123}.Debug|Any CPU.Build.0 = Debug|Any CPU
		{B314F64C-6537-4898-94CD-555342F59123}.Release|Any CPU.ActiveCfg = Release|Any CPU
		{B314F64C-6537-4898-94CD-555342F59123}.Release|Any CPU.Build.0 = Release|Any CPU
		{61849C27-97D4-44B6-B535-801D30AE37FC}.Debug|Any CPU.ActiveCfg = Debug|Any CPU
		{61849C27-97D4-44B6-B535-801D30AE37FC}.Debug|Any CPU.Build.0 = Debug|Any CPU
		{61849C27-97D4-44B6-B535-801D30AE37FC}.Release|Any CPU.ActiveCfg = Release|Any CPU
		{61849C27-97D4-44B6-B535-801D30AE37FC}.Release|Any CPU.Build.0 = Release|Any CPU
	EndGlobalSection
	GlobalSection(SolutionProperties) = preSolution
		HideSolutionNode = FALSE
	EndGlobalSection
	GlobalSection(NestedProjects) = preSolution
		{25D51321-2570-4E11-BE67-D12C6167485A} = {CD44A02C-B954-4449-AA01-4E6390D7C114}
		{72AEAF08-4557-49C7-8261-E8ED50F7D6A0} = {65F0CB1B-68E2-4F37-8C2F-F4D8E7CF27DD}
		{5A8EF2A4-A5E7-4524-B107-D908FEC3576E} = {F5A77073-8863-442D-B221-0DC5700BFC52}
		{90F9C9AA-167C-4E5A-B91C-667474FBE069} = {92FF2102-B0C7-4D40-9A85-A7649C0EA750}
		{C95BC21C-1A50-4D62-B1F2-E412A5F14371} = {90F9C9AA-167C-4E5A-B91C-667474FBE069}
		{E72B100B-5683-42FB-A0CC-B61517F0FF90} = {90F9C9AA-167C-4E5A-B91C-667474FBE069}
		{9483150B-A5A4-4D4F-901C-CE8E287E3804} = {90F9C9AA-167C-4E5A-B91C-667474FBE069}
		{4E6A37A3-4067-406B-8808-E355B9EFF939} = {90F9C9AA-167C-4E5A-B91C-667474FBE069}
		{90EA7121-8B4B-488B-BAF7-76C2061FD5F7} = {C95BC21C-1A50-4D62-B1F2-E412A5F14371}
		{38271996-F496-44DE-B977-08EF47120526} = {E72B100B-5683-42FB-A0CC-B61517F0FF90}
		{B314F64C-6537-4898-94CD-555342F59123} = {9483150B-A5A4-4D4F-901C-CE8E287E3804}
		{61849C27-97D4-44B6-B535-801D30AE37FC} = {4E6A37A3-4067-406B-8808-E355B9EFF939}
	EndGlobalSection
	GlobalSection(ExtensibilityGlobals) = postSolution
		SolutionGuid = {5A6BC6D4-C827-4CCD-9AB1-A46E24F7760B}
	EndGlobalSection
EndGlobal
